wasm.bats-packages.dev/bridge 2026.3.5.48466 0
array 2026.3.2.3624 0
arith 2026.2.25.16982 0
builder 2026.2.28.22277 0
css 2026.3.4.3118 0
str 2026.3.5.7804 0
widget 2026.3.5.84790 0
builder 2026.2.28.22277 0
array 2026.3.2.3624 0
arith 2026.2.25.16982 0
str 2026.3.5.7804 0
builder 2026.2.28.22277 0
array 2026.3.2.3624 0
arith 2026.2.25.16982 0
str 2026.3.5.7804 0
builder 2026.2.28.22277 0
array 2026.3.2.3624 0
arith 2026.2.25.16982 0
str 2026.3.5.7804 0
builder 2026.2.28.22277 0
array 2026.3.2.3624 0
arith 2026.2.25.16982 0
str 2026.3.5.7804 0
builder 2026.2.28.22277 0
array 2026.3.2.3624 0
arith 2026.2.25.16982 0
str 2026.3.5.7804 0
builder 2026.2.28.22277 0
array 2026.3.2.3624 0
arith 2026.2.25.16982 0
str 2026.3.5.7804 0
builder 2026.2.28.22277 0
array 2026.3.2.3624 0
arith 2026.2.25.16982 0
str 2026.3.5.7804 0
builder 2026.2.28.22277 0
array 2026.3.2.3624 0
arith 2026.2.25.16982 0
str 2026.3.5.7804 0
builder 2026.2.28.22277 0
array 2026.3.2.3624 0
arith 2026.2.25.16982 0
str 2026.3.5.7804 0
builder 2026.2.28.22277 0
array 2026.3.2.3624 0
arith 2026.2.25.16982 0
str 2026.3.5.7804 0
