wasm.bats-packages.dev/bridge 2026.3.11.21265 0
array 2026.3.2.3624 0
arith 2026.2.25.16982 0
builder 2026.3.7.7710 0
css 2026.3.9.7726 0
str 2026.3.5.7804 0
widget 2026.3.9.8873 0
promise 2026.3.2.19579 0
result 2026.2.26.8765 0
arith 2026.2.25.16982 0
array 2026.3.2.3624 0
result 2026.2.26.8765 0
arith 2026.2.25.16982 0
array 2026.3.2.3624 0
result 2026.2.26.8765 0
arith 2026.2.25.16982 0
array 2026.3.2.3624 0
result 2026.2.26.8765 0
arith 2026.2.25.16982 0
array 2026.3.2.3624 0
result 2026.2.26.8765 0
arith 2026.2.25.16982 0
array 2026.3.2.3624 0
result 2026.2.26.8765 0
arith 2026.2.25.16982 0
array 2026.3.2.3624 0
result 2026.2.26.8765 0
arith 2026.2.25.16982 0
array 2026.3.2.3624 0
result 2026.2.26.8765 0
arith 2026.2.25.16982 0
array 2026.3.2.3624 0
result 2026.2.26.8765 0
