wasm.bats-packages.dev/bridge 2026.3.1.74890 0
array 2026.2.28.11304 0
arith 2026.2.25.16982 0
builder 2026.2.28.22277 0
css 2026.2.23 0
str 2026.2.28.24034 0
widget 2026.2.23 0
builder 2026.2.28.22277 0
array 2026.2.28.11304 0
arith 2026.2.25.16982 0
str 2026.2.28.24034 0
builder 2026.2.28.22277 0
array 2026.2.28.11304 0
arith 2026.2.25.16982 0
str 2026.2.28.24034 0
builder 2026.2.28.22277 0
array 2026.2.28.11304 0
arith 2026.2.25.16982 0
str 2026.2.28.24034 0
builder 2026.2.28.22277 0
array 2026.2.28.11304 0
arith 2026.2.25.16982 0
str 2026.2.28.24034 0
builder 2026.2.28.22277 0
array 2026.2.28.11304 0
arith 2026.2.25.16982 0
str 2026.2.28.24034 0
builder 2026.2.28.22277 0
array 2026.2.28.11304 0
arith 2026.2.25.16982 0
str 2026.2.28.24034 0
builder 2026.2.28.22277 0
array 2026.2.28.11304 0
arith 2026.2.25.16982 0
str 2026.2.28.24034 0
builder 2026.2.28.22277 0
array 2026.2.28.11304 0
arith 2026.2.25.16982 0
str 2026.2.28.24034 0
builder 2026.2.28.22277 0
array 2026.2.28.11304 0
arith 2026.2.25.16982 0
str 2026.2.28.24034 0
builder 2026.2.28.22277 0
array 2026.2.28.11304 0
arith 2026.2.25.16982 0
str 2026.2.28.24034 0
